
Microsoft Visual Studio Solution File, Format Version 12.00
# Visual Studio 15
VisualStudioVersion = 15.0.28307.539
MinimumVisualStudioVersion = 10.0.40219.1
Project("{FAE04EC0-301F-11D3-BF4B-00C04F79EFBC}") = "EncryptPasswords", "EncryptPasswords\EncryptPasswords.csproj", "{CF2ADBF2-261D-4F22-A960-10A03EEBCCED}"
EndProject
Global
	GlobalSection(SolutionConfigurationPlatforms) = preSolution
		Debug|Any CPU = Debug|Any CPU
		Release|Any CPU = Release|Any CPU
	EndGlobalSection
	GlobalSection(ProjectConfigurationPlatforms) = postSolution
		{CF2ADBF2-261D-4F22-A960-10A03EEBCCED}.Debug|Any CPU.ActiveCfg = Debug|Any CPU
		{CF2ADBF2-261D-4F22-A960-10A03EEBCCED}.Debug|Any CPU.Build.0 = Debug|Any CPU
		{CF2ADBF2-261D-4F22-A960-10A03EEBCCED}.Release|Any CPU.ActiveCfg = Release|Any CPU
		{CF2ADBF2-261D-4F22-A960-10A03EEBCCED}.Release|Any CPU.Build.0 = Release|Any CPU
	EndGlobalSection
	GlobalSection(SolutionProperties) = preSolution
		HideSolutionNode = FALSE
	EndGlobalSection
	GlobalSection(ExtensibilityGlobals) = postSolution
		SolutionGuid = {2371C8C7-AC68-4897-8068-4068A8C7647F}
	EndGlobalSection
EndGlobal
